
Microsoft Visual Studio Solution File, Format Version 12.00
# Visual Studio Version 16
VisualStudioVersion = 16.0.28701.123
MinimumVisualStudioVersion = 10.0.40219.1
Project("{9A19103F-16F7-4668-BE54-9A1E7A4F7556}") = "otc-api-sign-sdk", "otc-api-sign-sdk\otc-api-sign-sdk.csproj", "{B5737CBA-A792-4CC5-A287-B0462FA853A6}"
EndProject
Project("{FAE04EC0-301F-11D3-BF4B-00C04F79EFBC}") = "sdk-request", "sdk-request\sdk-request.csproj", "{E3A751DE-E9B1-4C43-BCC9-F879CDD440E4}"
EndProject
Project("{2150E333-8FDC-42A3-9474-1A3956D46DE8}") = "samples-doc", "samples-doc", "{1A36A40D-5ED8-4DE7-B62E-8E40C64624E3}"
EndProject
Project("{2150E333-8FDC-42A3-9474-1A3956D46DE8}") = "aksksigning", "aksksigning", "{9D10DA7F-318C-4272-855B-903DDC8BCC42}"
EndProject
Project("{FAE04EC0-301F-11D3-BF4B-00C04F79EFBC}") = "ecs-start", "samples-doc\aksksigning\ecs-start\ecs-start.csproj", "{B2802E2B-CFD4-45A3-972A-92CDD4DD954A}"
EndProject
Global
	GlobalSection(SolutionConfigurationPlatforms) = preSolution
		Debug|Any CPU = Debug|Any CPU
		Release|Any CPU = Release|Any CPU
	EndGlobalSection
	GlobalSection(ProjectConfigurationPlatforms) = postSolution
		{B5737CBA-A792-4CC5-A287-B0462FA853A6}.Debug|Any CPU.ActiveCfg = Debug|Any CPU
		{B5737CBA-A792-4CC5-A287-B0462FA853A6}.Debug|Any CPU.Build.0 = Debug|Any CPU
		{B5737CBA-A792-4CC5-A287-B0462FA853A6}.Release|Any CPU.ActiveCfg = Release|Any CPU
		{B5737CBA-A792-4CC5-A287-B0462FA853A6}.Release|Any CPU.Build.0 = Release|Any CPU
		{2A974285-1698-4B35-8247-A378E2E4FBF2}.Debug|Any CPU.ActiveCfg = Debug|Any CPU
		{2A974285-1698-4B35-8247-A378E2E4FBF2}.Debug|Any CPU.Build.0 = Debug|Any CPU
		{2A974285-1698-4B35-8247-A378E2E4FBF2}.Release|Any CPU.ActiveCfg = Release|Any CPU
		{2A974285-1698-4B35-8247-A378E2E4FBF2}.Release|Any CPU.Build.0 = Release|Any CPU
		{B2802E2B-CFD4-45A3-972A-92CDD4DD954A}.Debug|Any CPU.ActiveCfg = Debug|Any CPU
		{B2802E2B-CFD4-45A3-972A-92CDD4DD954A}.Debug|Any CPU.Build.0 = Debug|Any CPU
		{B2802E2B-CFD4-45A3-972A-92CDD4DD954A}.Release|Any CPU.ActiveCfg = Release|Any CPU
		{B2802E2B-CFD4-45A3-972A-92CDD4DD954A}.Release|Any CPU.Build.0 = Release|Any CPU
	EndGlobalSection
	GlobalSection(SolutionProperties) = preSolution
		HideSolutionNode = FALSE
	EndGlobalSection
	GlobalSection(ExtensibilityGlobals) = postSolution
		SolutionGuid = {C72B6331-6FCD-4549-8E57-A5400B1B5665}
	EndGlobalSection
	GlobalSection(NestedProjects) = preSolution
		{9D10DA7F-318C-4272-855B-903DDC8BCC42} = {1A36A40D-5ED8-4DE7-B62E-8E40C64624E3}
		{B2802E2B-CFD4-45A3-972A-92CDD4DD954A} = {9D10DA7F-318C-4272-855B-903DDC8BCC42}
	EndGlobalSection
EndGlobal
